
Microsoft Visual Studio Solution File, Format Version 12.00
# Visual Studio Version 16
VisualStudioVersion = 16.0.33920.266
MinimumVisualStudioVersion = 10.0.40219.1
Project("{FAE04EC0-301F-11D3-BF4B-00C04F79EFBC}") = "Задание 10", "Задание 10.csproj", "{1886D598-ACB6-436B-A9ED-C901C277929B}"
EndProject
Global
	GlobalSection(SolutionConfigurationPlatforms) = preSolution
		Debug|Any CPU = Debug|Any CPU
		Release|Any CPU = Release|Any CPU
	EndGlobalSection
	GlobalSection(ProjectConfigurationPlatforms) = postSolution
		{1886D598-ACB6-436B-A9ED-C901C277929B}.Debug|Any CPU.ActiveCfg = Debug|Any CPU
		{1886D598-ACB6-436B-A9ED-C901C277929B}.Debug|Any CPU.Build.0 = Debug|Any CPU
		{1886D598-ACB6-436B-A9ED-C901C277929B}.Release|Any CPU.ActiveCfg = Release|Any CPU
		{1886D598-ACB6-436B-A9ED-C901C277929B}.Release|Any CPU.Build.0 = Release|Any CPU
	EndGlobalSection
	GlobalSection(SolutionProperties) = preSolution
		HideSolutionNode = FALSE
	EndGlobalSection
	GlobalSection(ExtensibilityGlobals) = postSolution
		SolutionGuid = {0327A9CE-4DC7-4C5C-98F8-5C20C0BF48D8}
	EndGlobalSection
EndGlobal
